// !$*UTF8*$!
{
	archiveVersion = 1;
	classes = {
	};
	objectVersion = 50;
	objects = {

/* Begin PBXBuildFile section */
		ADC7511D21CA87EC00344810 /* AppDelegate.swift in Sources */ = {isa = PBXBuildFile; fileRef = ADC7511C21CA87EC00344810 /* AppDelegate.swift */; };
		ADC7511F21CA87EC00344810 /* ViewController.swift in Sources */ = {isa = PBXBuildFile; fileRef = ADC7511E21CA87EC00344810 /* ViewController.swift */; };
		ADC7512221CA87EC00344810 /* Main.storyboard in Resources */ = {isa = PBXBuildFile; fileRef = ADC7512021CA87EC00344810 /* Main.storyboard */; };
		ADC7512421CA87EE00344810 /* Assets.xcassets in Resources */ = {isa = PBXBuildFile; fileRef = ADC7512321CA87EE00344810 /* Assets.xcassets */; };
		ADC7512721CA87EE00344810 /* LaunchScreen.storyboard in Resources */ = {isa = PBXBuildFile; fileRef = ADC7512521CA87EE00344810 /* LaunchScreen.storyboard */; };
		ADC7513221CA87EE00344810 /* SocialNetworkAppTests.swift in Sources */ = {isa = PBXBuildFile; fileRef = ADC7513121CA87EE00344810 /* SocialNetworkAppTests.swift */; };
/* End PBXBuildFile section */

/* Begin PBXContainerItemProxy section */
		ADC7512E21CA87EE00344810 /* PBXContainerItemProxy */ = {
			isa = PBXContainerItemProxy;
			containerPortal = ADC7511121CA87EC00344810 /* Project object */;
			proxyType = 1;
			remoteGlobalIDString = ADC7511821CA87EC00344810;
			remoteInfo = SocialNetworkApp;
		};
/* End PBXContainerItemProxy section */

/* Begin PBXFileReference section */
		ADC7511921CA87EC00344810 /* SocialNetworkApp.app */ = {isa = PBXFileReference; explicitFileType = wrapper.application; includeInIndex = 0; path = SocialNetworkApp.app; sourceTree = BUILT_PRODUCTS_DIR; };
		ADC7511C21CA87EC00344810 /* AppDelegate.swift */ = {isa = PBXFileReference; lastKnownFileType = sourcecode.swift; path = AppDelegate.swift; sourceTree = "<group>"; };
		ADC7511E21CA87EC00344810 /* ViewController.swift */ = {isa = PBXFileReference; lastKnownFileType = sourcecode.swift; path = ViewController.swift; sourceTree = "<group>"; };
		ADC7512121CA87EC00344810 /* Base */ = {isa = PBXFileReference; lastKnownFileType = file.storyboard; name = Base; path = Base.lproj/Main.storyboard; sourceTree = "<group>"; };
		ADC7512321CA87EE00344810 /* Assets.xcassets */ = {isa = PBXFileReference; lastKnownFileType = folder.assetcatalog; path = Assets.xcassets; sourceTree = "<group>"; };
		ADC7512621CA87EE00344810 /* Base */ = {isa = PBXFileReference; lastKnownFileType = file.storyboard; name = Base; path = Base.lproj/LaunchScreen.storyboard; sourceTree = "<group>"; };
		ADC7512821CA87EE00344810 /* Info.plist */ = {isa = PBXFileReference; lastKnownFileType = text.plist.xml; path = Info.plist; sourceTree = "<group>"; };
		ADC7512D21CA87EE00344810 /* SocialNetworkAppTests.xctest */ = {isa = PBXFileReference; explicitFileType = wrapper.cfbundle; includeInIndex = 0; path = SocialNetworkAppTests.xctest; sourceTree = BUILT_PRODUCTS_DIR; };
		ADC7513121CA87EE00344810 /* SocialNetworkAppTests.swift */ = {isa = PBXFileReference; lastKnownFileType = sourcecode.swift; path = SocialNetworkAppTests.swift; sourceTree = "<group>"; };
		ADC7513321CA87EE00344810 /* Info.plist */ = {isa = PBXFileReference; lastKnownFileType = text.plist.xml; path = Info.plist; sourceTree = "<group>"; };
/* End PBXFileReference section */

/* Begin PBXFrameworksBuildPhase section */
		ADC7511621CA87EC00344810 /* Frameworks */ = {
			isa = PBXFrameworksBuildPhase;
			buildActionMask = 2147483647;
			files = (
			);
			runOnlyForDeploymentPostprocessing = 0;
		};
		ADC7512A21CA87EE00344810 /* Frameworks */ = {
			isa = PBXFrameworksBuildPhase;
			buildActionMask = 2147483647;
			files = (
			);
			runOnlyForDeploymentPostprocessing = 0;
		};
/* End PBXFrameworksBuildPhase section */

/* Begin PBXGroup section */
		ADC7511021CA87EC00344810 = {
			isa = PBXGroup;
			children = (
				ADC7511B21CA87EC00344810 /* SocialNetworkApp */,
				ADC7513021CA87EE00344810 /* SocialNetworkAppTests */,
				ADC7511A21CA87EC00344810 /* Products */,
			);
			sourceTree = "<group>";
		};
		ADC7511A21CA87EC00344810 /* Products */ = {
			isa = PBXGroup;
			children = (
				ADC7511921CA87EC00344810 /* SocialNetworkApp.app */,
				ADC7512D21CA87EE00344810 /* SocialNetworkAppTests.xctest */,
			);
			name = Products;
			sourceTree = "<group>";
		};
		ADC7511B21CA87EC00344810 /* SocialNetworkApp */ = {
			isa = PBXGroup;
			children = (
				ADC7511C21CA87EC00344810 /* AppDelegate.swift */,
				ADC7511E21CA87EC00344810 /* ViewController.swift */,
				ADC7512021CA87EC00344810 /* Main.storyboard */,
				ADC7512321CA87EE00344810 /* Assets.xcassets */,
				ADC7512521CA87EE00344810 /* LaunchScreen.storyboard */,
				ADC7512821CA87EE00344810 /* Info.plist */,
			);
			path = SocialNetworkApp;
			sourceTree = "<group>";
		};
		ADC7513021CA87EE00344810 /* SocialNetworkAppTests */ = {
			isa = PBXGroup;
			children = (
				ADC7513121CA87EE00344810 /* SocialNetworkAppTests.swift */,
				ADC7513321CA87EE00344810 /* Info.plist */,
			);
			path = SocialNetworkAppTests;
			sourceTree = "<group>";
		};
/* End PBXGroup section */

/* Begin PBXNativeTarget section */
		ADC7511821CA87EC00344810 /* SocialNetworkApp */ = {
			isa = PBXNativeTarget;
			buildConfigurationList = ADC7513621CA87EE00344810 /* Build configuration list for PBXNativeTarget "SocialNetworkApp" */;
			buildPhases = (
				ADC7511521CA87EC00344810 /* Sources */,
				ADC7511621CA87EC00344810 /* Frameworks */,
				ADC7511721CA87EC00344810 /* Resources */,
			);
			buildRules = (
			);
			dependencies = (
			);
			name = SocialNetworkApp;
			productName = SocialNetworkApp;
			productReference = ADC7511921CA87EC00344810 /* SocialNetworkApp.app */;
			productType = "com.apple.product-type.application";
		};
		ADC7512C21CA87EE00344810 /* SocialNetworkAppTests */ = {
			isa = PBXNativeTarget;
			buildConfigurationList = ADC7513921CA87EE00344810 /* Build configuration list for PBXNativeTarget "SocialNetworkAppTests" */;
			buildPhases = (
				ADC7512921CA87EE00344810 /* Sources */,
				ADC7512A21CA87EE00344810 /* Frameworks */,
				ADC7512B21CA87EE00344810 /* Resources */,
			);
			buildRules = (
			);
			dependencies = (
				ADC7512F21CA87EE00344810 /* PBXTargetDependency */,
			);
			name = SocialNetworkAppTests;
			productName = SocialNetworkAppTests;
			productReference = ADC7512D21CA87EE00344810 /* SocialNetworkAppTests.xctest */;
			productType = "com.apple.product-type.bundle.unit-test";
		};
/* End PBXNativeTarget section */

/* Begin PBXProject section */
		ADC7511121CA87EC00344810 /* Project object */ = {
			isa = PBXProject;
			attributes = {
				LastSwiftUpdateCheck = 1000;
				LastUpgradeCheck = 1000;
				ORGANIZATIONNAME = "Yaroslav Golinskiy";
				TargetAttributes = {
					ADC7511821CA87EC00344810 = {
						CreatedOnToolsVersion = 10.0;
					};
					ADC7512C21CA87EE00344810 = {
						CreatedOnToolsVersion = 10.0;
						TestTargetID = ADC7511821CA87EC00344810;
					};
				};
			};
			buildConfigurationList = ADC7511421CA87EC00344810 /* Build configuration list for PBXProject "SocialNetworkApp" */;
			compatibilityVersion = "Xcode 9.3";
			developmentRegion = en;
			hasScannedForEncodings = 0;
			knownRegions = (
				en,
				Base,
			);
			mainGroup = ADC7511021CA87EC00344810;
			productRefGroup = ADC7511A21CA87EC00344810 /* Products */;
			projectDirPath = "";
			projectRoot = "";
			targets = (
				ADC7511821CA87EC00344810 /* SocialNetworkApp */,
				ADC7512C21CA87EE00344810 /* SocialNetworkAppTests */,
			);
		};
/* End PBXProject section */

/* Begin PBXResourcesBuildPhase section */
		ADC7511721CA87EC00344810 /* Resources */ = {
			isa = PBXResourcesBuildPhase;
			buildActionMask = 2147483647;
			files = (
				ADC7512721CA87EE00344810 /* LaunchScreen.storyboard in Resources */,
				ADC7512421CA87EE00344810 /* Assets.xcassets in Resources */,
				ADC7512221CA87EC00344810 /* Main.storyboard in Resources */,
			);
			runOnlyForDeploymentPostprocessing = 0;
		};
		ADC7512B21CA87EE00344810 /* Resources */ = {
			isa = PBXResourcesBuildPhase;
			buildActionMask = 2147483647;
			files = (
			);
			runOnlyForDeploymentPostprocessing = 0;
		};
/* End PBXResourcesBuildPhase section */

/* Begin PBXSourcesBuildPhase section */
		ADC7511521CA87EC00344810 /* Sources */ = {
			isa = PBXSourcesBuildPhase;
			buildActionMask = 2147483647;
			files = (
				ADC7511F21CA87EC00344810 /* ViewController.swift in Sources */,
				ADC7511D21CA87EC00344810 /* AppDelegate.swift in Sources */,
			);
			runOnlyForDeploymentPostprocessing = 0;
		};
		ADC7512921CA87EE00344810 /* Sources */ = {
			isa = PBXSourcesBuildPhase;
			buildActionMask = 2147483647;
			files = (
				ADC7513221CA87EE00344810 /* SocialNetworkAppTests.swift in Sources */,
			);
			runOnlyForDeploymentPostprocessing = 0;
		};
/* End PBXSourcesBuildPhase section */

/* Begin PBXTargetDependency section */
		ADC7512F21CA87EE00344810 /* PBXTargetDependency */ = {
			isa = PBXTargetDependency;
			target = ADC7511821CA87EC00344810 /* SocialNetworkApp */;
			targetProxy = ADC7512E21CA87EE00344810 /* PBXContainerItemProxy */;
		};
/* End PBXTargetDependency section */

/* Begin PBXVariantGroup section */
		ADC7512021CA87EC00344810 /* Main.storyboard */ = {
			isa = PBXVariantGroup;
			children = (
				ADC7512121CA87EC00344810 /* Base */,
			);
			name = Main.storyboard;
			sourceTree = "<group>";
		};
		ADC7512521CA87EE00344810 /* LaunchScreen.storyboard */ = {
			isa = PBXVariantGroup;
			children = (
				ADC7512621CA87EE00344810 /* Base */,
			);
			name = LaunchScreen.storyboard;
			sourceTree = "<group>";
		};
/* End PBXVariantGroup section */

/* Begin XCBuildConfiguration section */
		ADC7513421CA87EE00344810 /* Debug */ = {
			isa = XCBuildConfiguration;
			buildSettings = {
				ALWAYS_SEARCH_USER_PATHS = NO;
				CLANG_ANALYZER_NONNULL = YES;
				CLANG_ANALYZER_NUMBER_OBJECT_CONVERSION = YES_AGGRESSIVE;
				CLANG_CXX_LANGUAGE_STANDARD = "gnu++14";
				CLANG_CXX_LIBRARY = "libc++";
				CLANG_ENABLE_MODULES = YES;
				CLANG_ENABLE_OBJC_ARC = YES;
				CLANG_ENABLE_OBJC_WEAK = YES;
				CLANG_WARN_BLOCK_CAPTURE_AUTORELEASING = YES;
				CLANG_WARN_BOOL_CONVERSION = YES;
				CLANG_WARN_COMMA = YES;
				CLANG_WARN_CONSTANT_CONVERSION = YES;
				CLANG_WARN_DEPRECATED_OBJC_IMPLEMENTATIONS = YES;
				CLANG_WARN_DIRECT_OBJC_ISA_USAGE = YES_ERROR;
				CLANG_WARN_DOCUMENTATION_COMMENTS = YES;
				CLANG_WARN_EMPTY_BODY = YES;
				CLANG_WARN_ENUM_CONVERSION = YES;
				CLANG_WARN_INFINITE_RECURSION = YES;
				CLANG_WARN_INT_CONVERSION = YES;
				CLANG_WARN_NON_LITERAL_NULL_CONVERSION = YES;
				CLANG_WARN_OBJC_IMPLICIT_RETAIN_SELF = YES;
				CLANG_WARN_OBJC_LITERAL_CONVERSION = YES;
				CLANG_WARN_OBJC_ROOT_CLASS = YES_ERROR;
				CLANG_WARN_RANGE_LOOP_ANALYSIS = YES;
				CLANG_WARN_STRICT_PROTOTYPES = YES;
				CLANG_WARN_SUSPICIOUS_MOVE = YES;
				CLANG_WARN_UNGUARDED_AVAILABILITY = YES_AGGRESSIVE;
				CLANG_WARN_UNREACHABLE_CODE = YES;
				CLANG_WARN__DUPLICATE_METHOD_MATCH = YES;
				CODE_SIGN_IDENTITY = "iPhone Developer";
				COPY_PHASE_STRIP = NO;
				DEBUG_INFORMATION_FORMAT = dwarf;
				ENABLE_STRICT_OBJC_MSGSEND = YES;
				ENABLE_TESTABILITY = YES;
				GCC_C_LANGUAGE_STANDARD = gnu11;
				GCC_DYNAMIC_NO_PIC = NO;
				GCC_NO_COMMON_BLOCKS = YES;
				GCC_OPTIMIZATION_LEVEL = 0;
				GCC_PREPROCESSOR_DEFINITIONS = (
					"DEBUG=1",
					"$(inherited)",
				);
				GCC_WARN_64_TO_32_BIT_CONVERSION = YES;
				GCC_WARN_ABOUT_RETURN_TYPE = YES_ERROR;
				GCC_WARN_UNDECLARED_SELECTOR = YES;
				GCC_WARN_UNINITIALIZED_AUTOS = YES_AGGRESSIVE;
				GCC_WARN_UNUSED_FUNCTION = YES;
				GCC_WARN_UNUSED_VARIABLE = YES;
				IPHONEOS_DEPLOYMENT_TARGET = 12.0;
				MTL_ENABLE_DEBUG_INFO = INCLUDE_SOURCE;
				MTL_FAST_MATH = YES;
				ONLY_ACTIVE_ARCH = YES;
				SDKROOT = iphoneos;
				SWIFT_ACTIVE_COMPILATION_CONDITIONS = DEBUG;
				SWIFT_OPTIMIZATION_LEVEL = "-Onone";
			};
			name = Debug;
		};
		ADC7513521CA87EE00344810 /* Release */ = {
			isa = XCBuildConfiguration;
			buildSettings = {
				ALWAYS_SEARCH_USER_PATHS = NO;
				CLANG_ANALYZER_NONNULL = YES;
				CLANG_ANALYZER_NUMBER_OBJECT_CONVERSION = YES_AGGRESSIVE;
				CLANG_CXX_LANGUAGE_STANDARD = "gnu++14";
				CLANG_CXX_LIBRARY = "libc++";
				CLANG_ENABLE_MODULES = YES;
				CLANG_ENABLE_OBJC_ARC = YES;
				CLANG_ENABLE_OBJC_WEAK = YES;
				CLANG_WARN_BLOCK_CAPTURE_AUTORELEASING = YES;
				CLANG_WARN_BOOL_CONVERSION = YES;
				CLANG_WARN_COMMA = YES;
				CLANG_WARN_CONSTANT_CONVERSION = YES;
				CLANG_WARN_DEPRECATED_OBJC_IMPLEMENTATIONS = YES;
				CLANG_WARN_DIRECT_OBJC_ISA_USAGE = YES_ERROR;
				CLANG_WARN_DOCUMENTATION_COMMENTS = YES;
				CLANG_WARN_EMPTY_BODY = YES;
				CLANG_WARN_ENUM_CONVERSION = YES;
				CLANG_WARN_INFINITE_RECURSION = YES;
				CLANG_WARN_INT_CONVERSION = YES;
				CLANG_WARN_NON_LITERAL_NULL_CONVERSION = YES;
				CLANG_WARN_OBJC_IMPLICIT_RETAIN_SELF = YES;
				CLANG_WARN_OBJC_LITERAL_CONVERSION = YES;
				CLANG_WARN_OBJC_ROOT_CLASS = YES_ERROR;
				CLANG_WARN_RANGE_LOOP_ANALYSIS = YES;
				CLANG_WARN_STRICT_PROTOTYPES = YES;
				CLANG_WARN_SUSPICIOUS_MOVE = YES;
				CLANG_WARN_UNGUARDED_AVAILABILITY = YES_AGGRESSIVE;
				CLANG_WARN_UNREACHABLE_CODE = YES;
				CLANG_WARN__DUPLICATE_METHOD_MATCH = YES;
				CODE_SIGN_IDENTITY = "iPhone Developer";
				COPY_PHASE_STRIP = NO;
				DEBUG_INFORMATION_FORMAT = "dwarf-with-dsym";
				ENABLE_NS_ASSERTIONS = NO;
				ENABLE_STRICT_OBJC_MSGSEND = YES;
				GCC_C_LANGUAGE_STANDARD = gnu11;
				GCC_NO_COMMON_BLOCKS = YES;
				GCC_WARN_64_TO_32_BIT_CONVERSION = YES;
				GCC_WARN_ABOUT_RETURN_TYPE = YES_ERROR;
				GCC_WARN_UNDECLARED_SELECTOR = YES;
				GCC_WARN_UNINITIALIZED_AUTOS = YES_AGGRESSIVE;
				GCC_WARN_UNUSED_FUNCTION = YES;
				GCC_WARN_UNUSED_VARIABLE = YES;
				IPHONEOS_DEPLOYMENT_TARGET = 12.0;
				MTL_ENABLE_DEBUG_INFO = NO;
				MTL_FAST_MATH = YES;
				SDKROOT = iphoneos;
				SWIFT_COMPILATION_MODE = wholemodule;
				SWIFT_OPTIMIZATION_LEVEL = "-O";
				VALIDATE_PRODUCT = YES;
			};
			name = Release;
		};
		ADC7513721CA87EE00344810 /* Debug */ = {
			isa = XCBuildConfiguration;
			buildSettings = {
				ASSETCATALOG_COMPILER_APPICON_NAME = AppIcon;
				CODE_SIGN_STYLE = Automatic;
				DEVELOPMENT_TEAM = Q2TWT4N9WP;
				INFOPLIST_FILE = SocialNetworkApp/Info.plist;
				LD_RUNPATH_SEARCH_PATHS = (
					"$(inherited)",
					"@executable_path/Frameworks",
				);
				PRODUCT_BUNDLE_IDENTIFIER = kaiserdem.SocialNetworkApp;
				PRODUCT_NAME = "$(TARGET_NAME)";
				SWIFT_VERSION = 4.2;
				TARGETED_DEVICE_FAMILY = "1,2";
			};
			name = Debug;
		};
		ADC7513821CA87EE00344810 /* Release */ = {
			isa = XCBuildConfiguration;
			buildSettings = {
				ASSETCATALOG_COMPILER_APPICON_NAME = AppIcon;
				CODE_SIGN_STYLE = Automatic;
				DEVELOPMENT_TEAM = Q2TWT4N9WP;
				INFOPLIST_FILE = SocialNetworkApp/Info.plist;
				LD_RUNPATH_SEARCH_PATHS = (
					"$(inherited)",
					"@executable_path/Frameworks",
				);
				PRODUCT_BUNDLE_IDENTIFIER = kaiserdem.SocialNetworkApp;
				PRODUCT_NAME = "$(TARGET_NAME)";
				SWIFT_VERSION = 4.2;
				TARGETED_DEVICE_FAMILY = "1,2";
			};
			name = Release;
		};
		ADC7513A21CA87EE00344810 /* Debug */ = {
			isa = XCBuildConfiguration;
			buildSettings = {
				ALWAYS_EMBED_SWIFT_STANDARD_LIBRARIES = YES;
				BUNDLE_LOADER = "$(TEST_HOST)";
				CODE_SIGN_STYLE = Automatic;
				DEVELOPMENT_TEAM = Q2TWT4N9WP;
				INFOPLIST_FILE = SocialNetworkAppTests/Info.plist;
				LD_RUNPATH_SEARCH_PATHS = (
					"$(inherited)",
					"@executable_path/Frameworks",
					"@loader_path/Frameworks",
				);
				PRODUCT_BUNDLE_IDENTIFIER = kaiserdem.SocialNetworkAppTests;
				PRODUCT_NAME = "$(TARGET_NAME)";
				SWIFT_VERSION = 4.2;
				TARGETED_DEVICE_FAMILY = "1,2";
				TEST_HOST = "$(BUILT_PRODUCTS_DIR)/SocialNetworkApp.app/SocialNetworkApp";
			};
			name = Debug;
		};
		ADC7513B21CA87EE00344810 /* Release */ = {
			isa = XCBuildConfiguration;
			buildSettings = {
				ALWAYS_EMBED_SWIFT_STANDARD_LIBRARIES = YES;
				BUNDLE_LOADER = "$(TEST_HOST)";
				CODE_SIGN_STYLE = Automatic;
				DEVELOPMENT_TEAM = Q2TWT4N9WP;
				INFOPLIST_FILE = SocialNetworkAppTests/Info.plist;
				LD_RUNPATH_SEARCH_PATHS = (
					"$(inherited)",
					"@executable_path/Frameworks",
					"@loader_path/Frameworks",
				);
				PRODUCT_BUNDLE_IDENTIFIER = kaiserdem.SocialNetworkAppTests;
				PRODUCT_NAME = "$(TARGET_NAME)";
				SWIFT_VERSION = 4.2;
				TARGETED_DEVICE_FAMILY = "1,2";
				TEST_HOST = "$(BUILT_PRODUCTS_DIR)/SocialNetworkApp.app/SocialNetworkApp";
			};
			name = Release;
		};
/* End XCBuildConfiguration section */

/* Begin XCConfigurationList section */
		ADC7511421CA87EC00344810 /* Build configuration list for PBXProject "SocialNetworkApp" */ = {
			isa = XCConfigurationList;
			buildConfigurations = (
				ADC7513421CA87EE00344810 /* Debug */,
				ADC7513521CA87EE00344810 /* Release */,
			);
			defaultConfigurationIsVisible = 0;
			defaultConfigurationName = Release;
		};
		ADC7513621CA87EE00344810 /* Build configuration list for PBXNativeTarget "SocialNetworkApp" */ = {
			isa = XCConfigurationList;
			buildConfigurations = (
				ADC7513721CA87EE00344810 /* Debug */,
				ADC7513821CA87EE00344810 /* Release */,
			);
			defaultConfigurationIsVisible = 0;
			defaultConfigurationName = Release;
		};
		ADC7513921CA87EE00344810 /* Build configuration list for PBXNativeTarget "SocialNetworkAppTests" */ = {
			isa = XCConfigurationList;
			buildConfigurations = (
				ADC7513A21CA87EE00344810 /* Debug */,
				ADC7513B21CA87EE00344810 /* Release */,
			);
			defaultConfigurationIsVisible = 0;
			defaultConfigurationName = Release;
		};
/* End XCConfigurationList section */
	};
	rootObject = ADC7511121CA87EC00344810 /* Project object */;
}
